
Microsoft Visual Studio Solution File, Format Version 12.00
# Visual Studio 15
VisualStudioVersion = 15.0.28010.2050
MinimumVisualStudioVersion = 10.0.40219.1
Project("{FAE04EC0-301F-11D3-BF4B-00C04F79EFBC}") = "Lab 23", "Lab 23\Lab 23.csproj", "{D722ED7D-A571-43E5-8B7E-5070E0B52F85}"
EndProject
Global
	GlobalSection(SolutionConfigurationPlatforms) = preSolution
		Debug|Any CPU = Debug|Any CPU
		Release|Any CPU = Release|Any CPU
	EndGlobalSection
	GlobalSection(ProjectConfigurationPlatforms) = postSolution
		{D722ED7D-A571-43E5-8B7E-5070E0B52F85}.Debug|Any CPU.ActiveCfg = Debug|Any CPU
		{D722ED7D-A571-43E5-8B7E-5070E0B52F85}.Debug|Any CPU.Build.0 = Debug|Any CPU
		{D722ED7D-A571-43E5-8B7E-5070E0B52F85}.Release|Any CPU.ActiveCfg = Release|Any CPU
		{D722ED7D-A571-43E5-8B7E-5070E0B52F85}.Release|Any CPU.Build.0 = Release|Any CPU
	EndGlobalSection
	GlobalSection(SolutionProperties) = preSolution
		HideSolutionNode = FALSE
	EndGlobalSection
	GlobalSection(ExtensibilityGlobals) = postSolution
		SolutionGuid = {CAED962A-6396-4D48-86BE-B2CFAD8F0EAF}
	EndGlobalSection
EndGlobal
